# This file was autogenerated by Stack.
# You should not edit this file by hand.
# For more information, please see the documentation at:
#   https://docs.haskellstack.org/en/stable/lock_files

packages:
- completed:
    hackage: bktrees-0.3.1@sha256:696026dd70fd2ee04ed37505d6380325532c6840442cdd7a030f20ad15b5e1be,985
    pantry-tree:
      size: 373
      sha256: 7eb63a1fc125f53b364f8719a5acb2d291426af79049b5d0ea34ac6f1f8be103
  original:
    hackage: bktrees-0.3.1@sha256:696026dd70fd2ee04ed37505d6380325532c6840442cdd7a030f20ad15b5e1be,985
snapshots:
- completed:
    size: 586103
    url: https://raw.githubusercontent.com/commercialhaskell/stackage-snapshots/master/lts/18/19.yaml
    sha256: 32716534fff554b7f90762130fdb985cabf29f157758934dd1c8f3892a646430
  original: lts-18.19
