# This file was autogenerated by Stack.
# You should not edit this file by hand.
# For more information, please see the documentation at:
#   https://docs.haskellstack.org/en/stable/lock_files

packages:
- completed:
    hackage: bktrees-0.3.1@sha256:696026dd70fd2ee04ed37505d6380325532c6840442cdd7a030f20ad15b5e1be,985
    pantry-tree:
      size: 373
      sha256: 7eb63a1fc125f53b364f8719a5acb2d291426af79049b5d0ea34ac6f1f8be103
  original:
    hackage: bktrees-0.3.1@sha256:696026dd70fd2ee04ed37505d6380325532c6840442cdd7a030f20ad15b5e1be,985
snapshots:
- completed:
    size: 524154
    url: https://raw.githubusercontent.com/commercialhaskell/stackage-snapshots/master/lts/14/20.yaml
    sha256: 2f5099f69ddb6abfe64400fe1e6a604e8e628f55e6837211cd70a81eb0a8fa4d
  original: lts-14.20
